
Microsoft Visual Studio Solution File, Format Version 12.00
# Visual Studio 15
VisualStudioVersion = 15.0.28307.168
MinimumVisualStudioVersion = 10.0.40219.1
Project("{2150E333-8FDC-42A3-9474-1A3956D46DE8}") = "Presentation", "Presentation", "{3A6A751C-0394-4D94-A52B-F63AAF7F3411}"
EndProject
Project("{2150E333-8FDC-42A3-9474-1A3956D46DE8}") = "Core", "Core", "{CF27B6B9-69BE-4494-B864-8AE9815C6F84}"
EndProject
Project("{2150E333-8FDC-42A3-9474-1A3956D46DE8}") = "Infrastructure", "Infrastructure", "{BE0FDAF1-A4CB-4BBB-8046-7F9D7433736A}"
EndProject
Project("{9A19103F-16F7-4668-BE54-9A1E7A4F7556}") = "MadBand.WebApp", "MadBand.WebApp\MadBand.WebApp.csproj", "{8FA84421-8B71-4F07-B9C1-66CF7A4B553C}"
EndProject
Project("{9A19103F-16F7-4668-BE54-9A1E7A4F7556}") = "MadBand.Domain", "MadBand.Domain\MadBand.Domain.csproj", "{23FD0CAE-7AF7-49CC-B4BA-99BDBCC2E1CB}"
EndProject
Project("{9A19103F-16F7-4668-BE54-9A1E7A4F7556}") = "MadBand.Application", "MadBand.Application\MadBand.Application.csproj", "{8B69F85A-BE98-44E6-91F5-4F79D4758AB9}"
EndProject
Project("{9A19103F-16F7-4668-BE54-9A1E7A4F7556}") = "MadBand.Infrastructure", "MadBand.Infrastructure\MadBand.Infrastructure.csproj", "{B530304A-6711-483E-8DC4-BAC4D7881DF1}"
EndProject
Project("{9A19103F-16F7-4668-BE54-9A1E7A4F7556}") = "MadBand.Persistence", "MadBand.Persistence\MadBand.Persistence.csproj", "{E3F622CD-BC8A-4CB7-A0A6-A84D1B4637BA}"
EndProject
Project("{2150E333-8FDC-42A3-9474-1A3956D46DE8}") = "Common", "Common", "{FAA67B72-3B67-4A2B-80CB-67DB842B3EFD}"
EndProject
Project("{9A19103F-16F7-4668-BE54-9A1E7A4F7556}") = "CommonCode", "CommonCode\CommonCode.csproj", "{5CACB58B-7D96-4738-A322-24EB31D3C95A}"
EndProject
Project("{FAE04EC0-301F-11D3-BF4B-00C04F79EFBC}") = "MadBand.Clacker", "MadBand.Clacker\MadBand.Clacker.csproj", "{6359BFB3-8103-4543-B571-B871F76206F6}"
EndProject
Global
	GlobalSection(SolutionConfigurationPlatforms) = preSolution
		Debug|Any CPU = Debug|Any CPU
		Release|Any CPU = Release|Any CPU
	EndGlobalSection
	GlobalSection(ProjectConfigurationPlatforms) = postSolution
		{8FA84421-8B71-4F07-B9C1-66CF7A4B553C}.Debug|Any CPU.ActiveCfg = Debug|Any CPU
		{8FA84421-8B71-4F07-B9C1-66CF7A4B553C}.Debug|Any CPU.Build.0 = Debug|Any CPU
		{8FA84421-8B71-4F07-B9C1-66CF7A4B553C}.Release|Any CPU.ActiveCfg = Release|Any CPU
		{8FA84421-8B71-4F07-B9C1-66CF7A4B553C}.Release|Any CPU.Build.0 = Release|Any CPU
		{23FD0CAE-7AF7-49CC-B4BA-99BDBCC2E1CB}.Debug|Any CPU.ActiveCfg = Debug|Any CPU
		{23FD0CAE-7AF7-49CC-B4BA-99BDBCC2E1CB}.Debug|Any CPU.Build.0 = Debug|Any CPU
		{23FD0CAE-7AF7-49CC-B4BA-99BDBCC2E1CB}.Release|Any CPU.ActiveCfg = Release|Any CPU
		{23FD0CAE-7AF7-49CC-B4BA-99BDBCC2E1CB}.Release|Any CPU.Build.0 = Release|Any CPU
		{8B69F85A-BE98-44E6-91F5-4F79D4758AB9}.Debug|Any CPU.ActiveCfg = Debug|Any CPU
		{8B69F85A-BE98-44E6-91F5-4F79D4758AB9}.Debug|Any CPU.Build.0 = Debug|Any CPU
		{8B69F85A-BE98-44E6-91F5-4F79D4758AB9}.Release|Any CPU.ActiveCfg = Release|Any CPU
		{8B69F85A-BE98-44E6-91F5-4F79D4758AB9}.Release|Any CPU.Build.0 = Release|Any CPU
		{B530304A-6711-483E-8DC4-BAC4D7881DF1}.Debug|Any CPU.ActiveCfg = Debug|Any CPU
		{B530304A-6711-483E-8DC4-BAC4D7881DF1}.Debug|Any CPU.Build.0 = Debug|Any CPU
		{B530304A-6711-483E-8DC4-BAC4D7881DF1}.Release|Any CPU.ActiveCfg = Release|Any CPU
		{B530304A-6711-483E-8DC4-BAC4D7881DF1}.Release|Any CPU.Build.0 = Release|Any CPU
		{E3F622CD-BC8A-4CB7-A0A6-A84D1B4637BA}.Debug|Any CPU.ActiveCfg = Debug|Any CPU
		{E3F622CD-BC8A-4CB7-A0A6-A84D1B4637BA}.Debug|Any CPU.Build.0 = Debug|Any CPU
		{E3F622CD-BC8A-4CB7-A0A6-A84D1B4637BA}.Release|Any CPU.ActiveCfg = Release|Any CPU
		{E3F622CD-BC8A-4CB7-A0A6-A84D1B4637BA}.Release|Any CPU.Build.0 = Release|Any CPU
		{5CACB58B-7D96-4738-A322-24EB31D3C95A}.Debug|Any CPU.ActiveCfg = Debug|Any CPU
		{5CACB58B-7D96-4738-A322-24EB31D3C95A}.Debug|Any CPU.Build.0 = Debug|Any CPU
		{5CACB58B-7D96-4738-A322-24EB31D3C95A}.Release|Any CPU.ActiveCfg = Release|Any CPU
		{5CACB58B-7D96-4738-A322-24EB31D3C95A}.Release|Any CPU.Build.0 = Release|Any CPU
		{6359BFB3-8103-4543-B571-B871F76206F6}.Debug|Any CPU.ActiveCfg = Debug|Any CPU
		{6359BFB3-8103-4543-B571-B871F76206F6}.Debug|Any CPU.Build.0 = Debug|Any CPU
		{6359BFB3-8103-4543-B571-B871F76206F6}.Release|Any CPU.ActiveCfg = Release|Any CPU
		{6359BFB3-8103-4543-B571-B871F76206F6}.Release|Any CPU.Build.0 = Release|Any CPU
	EndGlobalSection
	GlobalSection(SolutionProperties) = preSolution
		HideSolutionNode = FALSE
	EndGlobalSection
	GlobalSection(NestedProjects) = preSolution
		{8FA84421-8B71-4F07-B9C1-66CF7A4B553C} = {3A6A751C-0394-4D94-A52B-F63AAF7F3411}
		{23FD0CAE-7AF7-49CC-B4BA-99BDBCC2E1CB} = {CF27B6B9-69BE-4494-B864-8AE9815C6F84}
		{8B69F85A-BE98-44E6-91F5-4F79D4758AB9} = {CF27B6B9-69BE-4494-B864-8AE9815C6F84}
		{B530304A-6711-483E-8DC4-BAC4D7881DF1} = {BE0FDAF1-A4CB-4BBB-8046-7F9D7433736A}
		{E3F622CD-BC8A-4CB7-A0A6-A84D1B4637BA} = {BE0FDAF1-A4CB-4BBB-8046-7F9D7433736A}
		{5CACB58B-7D96-4738-A322-24EB31D3C95A} = {FAA67B72-3B67-4A2B-80CB-67DB842B3EFD}
		{6359BFB3-8103-4543-B571-B871F76206F6} = {3A6A751C-0394-4D94-A52B-F63AAF7F3411}
	EndGlobalSection
	GlobalSection(ExtensibilityGlobals) = postSolution
		SolutionGuid = {EA23FD44-6002-4939-A680-8A184B7ADE76}
	EndGlobalSection
EndGlobal
